// !$*UTF8*$!
{
	archiveVersion = 1;
	classes = {
	};
	objectVersion = 48;
	objects = {

/* Begin PBXBuildFile section */
		1C599D2C205088B70042DBAD /* Assets.xcassets in Resources */ = {isa = PBXBuildFile; fileRef = 1C599D1C205088B70042DBAD /* Assets.xcassets */; };
		1C599D2D205088B70042DBAD /* LaunchScreen.storyboard in Resources */ = {isa = PBXBuildFile; fileRef = 1C599D1D205088B70042DBAD /* LaunchScreen.storyboard */; };
		1C599D2E205088B70042DBAD /* Main.storyboard in Resources */ = {isa = PBXBuildFile; fileRef = 1C599D1F205088B70042DBAD /* Main.storyboard */; };
		1C599D30205088B70042DBAD /* ViewController.m in Sources */ = {isa = PBXBuildFile; fileRef = 1C599D24205088B70042DBAD /* ViewController.m */; };
		1C599D31205088B70042DBAD /* AppDelegate.m in Sources */ = {isa = PBXBuildFile; fileRef = 1C599D29205088B70042DBAD /* AppDelegate.m */; };
		1C599D32205088B70042DBAD /* main.m in Sources */ = {isa = PBXBuildFile; fileRef = 1C599D2A205088B70042DBAD /* main.m */; };
		1C599D372057379C0042DBAD /* LSFeedItem.m in Sources */ = {isa = PBXBuildFile; fileRef = 1C599D362057379C0042DBAD /* LSFeedItem.m */; };
		1C599D3B20573D270042DBAD /* NSDate+Additions.m in Sources */ = {isa = PBXBuildFile; fileRef = 1C599D3A20573D270042DBAD /* NSDate+Additions.m */; };
		1C599D3E205741870042DBAD /* LSCountableItems.m in Sources */ = {isa = PBXBuildFile; fileRef = 1C599D3D205741870042DBAD /* LSCountableItems.m */; };
		1C599D4120575FF80042DBAD /* LSNetworkManager.m in Sources */ = {isa = PBXBuildFile; fileRef = 1C599D4020575FF80042DBAD /* LSNetworkManager.m */; };
		1C599D44205766C10042DBAD /* LSFeedFetcher.m in Sources */ = {isa = PBXBuildFile; fileRef = 1C599D43205766C10042DBAD /* LSFeedFetcher.m */; };
		1C599D47205767AD0042DBAD /* LSFeedItemsViewModel.m in Sources */ = {isa = PBXBuildFile; fileRef = 1C599D46205767AD0042DBAD /* LSFeedItemsViewModel.m */; };
		1C599D4A205767C20042DBAD /* LSFeedViewModelBuilder.m in Sources */ = {isa = PBXBuildFile; fileRef = 1C599D49205767C20042DBAD /* LSFeedViewModelBuilder.m */; };
		1C599D4E205779270042DBAD /* LSFeedCellViewModel.m in Sources */ = {isa = PBXBuildFile; fileRef = 1C599D4D205779270042DBAD /* LSFeedCellViewModel.m */; };
		9D2F5D1B225F5E86DFCB436E /* libPods-LivestreamFeedViewer.a in Frameworks */ = {isa = PBXBuildFile; fileRef = EF9D87C01F1F82AD3C17F184 /* libPods-LivestreamFeedViewer.a */; };
/* End PBXBuildFile section */

/* Begin PBXFileReference section */
		1C599D02205082A40042DBAD /* LivestreamFeedViewer.app */ = {isa = PBXFileReference; explicitFileType = wrapper.application; includeInIndex = 0; path = LivestreamFeedViewer.app; sourceTree = BUILT_PRODUCTS_DIR; };
		1C599D1C205088B70042DBAD /* Assets.xcassets */ = {isa = PBXFileReference; lastKnownFileType = folder.assetcatalog; path = Assets.xcassets; sourceTree = "<group>"; };
		1C599D1E205088B70042DBAD /* Base */ = {isa = PBXFileReference; lastKnownFileType = file.storyboard; name = Base; path = Base.lproj/LaunchScreen.storyboard; sourceTree = "<group>"; };
		1C599D20205088B70042DBAD /* Base */ = {isa = PBXFileReference; lastKnownFileType = file.storyboard; name = Base; path = Base.lproj/Main.storyboard; sourceTree = "<group>"; };
		1C599D21205088B70042DBAD /* Info.plist */ = {isa = PBXFileReference; fileEncoding = 4; lastKnownFileType = text.plist.xml; path = Info.plist; sourceTree = "<group>"; };
		1C599D24205088B70042DBAD /* ViewController.m */ = {isa = PBXFileReference; fileEncoding = 4; lastKnownFileType = sourcecode.c.objc; path = ViewController.m; sourceTree = "<group>"; };
		1C599D25205088B70042DBAD /* ViewController.h */ = {isa = PBXFileReference; fileEncoding = 4; lastKnownFileType = sourcecode.c.h; path = ViewController.h; sourceTree = "<group>"; };
		1C599D28205088B70042DBAD /* AppDelegate.h */ = {isa = PBXFileReference; fileEncoding = 4; lastKnownFileType = sourcecode.c.h; path = AppDelegate.h; sourceTree = "<group>"; };
		1C599D29205088B70042DBAD /* AppDelegate.m */ = {isa = PBXFileReference; fileEncoding = 4; lastKnownFileType = sourcecode.c.objc; path = AppDelegate.m; sourceTree = "<group>"; };
		1C599D2A205088B70042DBAD /* main.m */ = {isa = PBXFileReference; fileEncoding = 4; lastKnownFileType = sourcecode.c.objc; path = main.m; sourceTree = "<group>"; };
		1C599D3320508ACD0042DBAD /* LSFeedProtocols.h */ = {isa = PBXFileReference; lastKnownFileType = sourcecode.c.h; path = LSFeedProtocols.h; sourceTree = "<group>"; };
		1C599D34205733CE0042DBAD /* LSDefinitions.h */ = {isa = PBXFileReference; lastKnownFileType = sourcecode.c.h; path = LSDefinitions.h; sourceTree = "<group>"; };
		1C599D352057379C0042DBAD /* LSFeedItem.h */ = {isa = PBXFileReference; lastKnownFileType = sourcecode.c.h; path = LSFeedItem.h; sourceTree = "<group>"; };
		1C599D362057379C0042DBAD /* LSFeedItem.m */ = {isa = PBXFileReference; lastKnownFileType = sourcecode.c.objc; path = LSFeedItem.m; sourceTree = "<group>"; };
		1C599D38205739470042DBAD /* LSFeedKeys.h */ = {isa = PBXFileReference; lastKnownFileType = sourcecode.c.h; path = LSFeedKeys.h; sourceTree = "<group>"; };
		1C599D3920573D270042DBAD /* NSDate+Additions.h */ = {isa = PBXFileReference; lastKnownFileType = sourcecode.c.h; path = "NSDate+Additions.h"; sourceTree = "<group>"; };
		1C599D3A20573D270042DBAD /* NSDate+Additions.m */ = {isa = PBXFileReference; lastKnownFileType = sourcecode.c.objc; path = "NSDate+Additions.m"; sourceTree = "<group>"; };
		1C599D3C205741740042DBAD /* LSCountableItems.h */ = {isa = PBXFileReference; lastKnownFileType = sourcecode.c.h; path = LSCountableItems.h; sourceTree = "<group>"; };
		1C599D3D205741870042DBAD /* LSCountableItems.m */ = {isa = PBXFileReference; lastKnownFileType = sourcecode.c.objc; path = LSCountableItems.m; sourceTree = "<group>"; };
		1C599D3F20575FF80042DBAD /* LSNetworkManager.h */ = {isa = PBXFileReference; lastKnownFileType = sourcecode.c.h; path = LSNetworkManager.h; sourceTree = "<group>"; };
		1C599D4020575FF80042DBAD /* LSNetworkManager.m */ = {isa = PBXFileReference; lastKnownFileType = sourcecode.c.objc; path = LSNetworkManager.m; sourceTree = "<group>"; };
		1C599D42205766C10042DBAD /* LSFeedFetcher.h */ = {isa = PBXFileReference; lastKnownFileType = sourcecode.c.h; path = LSFeedFetcher.h; sourceTree = "<group>"; };
		1C599D43205766C10042DBAD /* LSFeedFetcher.m */ = {isa = PBXFileReference; lastKnownFileType = sourcecode.c.objc; path = LSFeedFetcher.m; sourceTree = "<group>"; };
		1C599D45205767AD0042DBAD /* LSFeedItemsViewModel.h */ = {isa = PBXFileReference; lastKnownFileType = sourcecode.c.h; path = LSFeedItemsViewModel.h; sourceTree = "<group>"; };
		1C599D46205767AD0042DBAD /* LSFeedItemsViewModel.m */ = {isa = PBXFileReference; lastKnownFileType = sourcecode.c.objc; path = LSFeedItemsViewModel.m; sourceTree = "<group>"; };
		1C599D48205767C20042DBAD /* LSFeedViewModelBuilder.h */ = {isa = PBXFileReference; lastKnownFileType = sourcecode.c.h; path = LSFeedViewModelBuilder.h; sourceTree = "<group>"; };
		1C599D49205767C20042DBAD /* LSFeedViewModelBuilder.m */ = {isa = PBXFileReference; lastKnownFileType = sourcecode.c.objc; path = LSFeedViewModelBuilder.m; sourceTree = "<group>"; };
		1C599D4C205779270042DBAD /* LSFeedCellViewModel.h */ = {isa = PBXFileReference; lastKnownFileType = sourcecode.c.h; path = LSFeedCellViewModel.h; sourceTree = "<group>"; };
		1C599D4D205779270042DBAD /* LSFeedCellViewModel.m */ = {isa = PBXFileReference; lastKnownFileType = sourcecode.c.objc; path = LSFeedCellViewModel.m; sourceTree = "<group>"; };
		2A8D9C98780A0EB78CFDBC6E /* Pods-LivestreamFeedViewer.debug.xcconfig */ = {isa = PBXFileReference; includeInIndex = 1; lastKnownFileType = text.xcconfig; name = "Pods-LivestreamFeedViewer.debug.xcconfig"; path = "Pods/Target Support Files/Pods-LivestreamFeedViewer/Pods-LivestreamFeedViewer.debug.xcconfig"; sourceTree = "<group>"; };
		A5B75B355F2C0211FAAE4EA4 /* Pods-LivestreamFeedViewer.release.xcconfig */ = {isa = PBXFileReference; includeInIndex = 1; lastKnownFileType = text.xcconfig; name = "Pods-LivestreamFeedViewer.release.xcconfig"; path = "Pods/Target Support Files/Pods-LivestreamFeedViewer/Pods-LivestreamFeedViewer.release.xcconfig"; sourceTree = "<group>"; };
		EF9D87C01F1F82AD3C17F184 /* libPods-LivestreamFeedViewer.a */ = {isa = PBXFileReference; explicitFileType = archive.ar; includeInIndex = 0; path = "libPods-LivestreamFeedViewer.a"; sourceTree = BUILT_PRODUCTS_DIR; };
/* End PBXFileReference section */

/* Begin PBXFrameworksBuildPhase section */
		1C599CFF205082A40042DBAD /* Frameworks */ = {
			isa = PBXFrameworksBuildPhase;
			buildActionMask = 2147483647;
			files = (
				9D2F5D1B225F5E86DFCB436E /* libPods-LivestreamFeedViewer.a in Frameworks */,
			);
			runOnlyForDeploymentPostprocessing = 0;
		};
/* End PBXFrameworksBuildPhase section */

/* Begin PBXGroup section */
		1C599CF9205082A40042DBAD = {
			isa = PBXGroup;
			children = (
				1C599D04205082A40042DBAD /* LivestreamFeedViewer */,
				1C599D03205082A40042DBAD /* Products */,
				4CCC0EE205E51D901D631950 /* Pods */,
				1FF256D44FB148CBBFAE163D /* Frameworks */,
			);
			sourceTree = "<group>";
		};
		1C599D03205082A40042DBAD /* Products */ = {
			isa = PBXGroup;
			children = (
				1C599D02205082A40042DBAD /* LivestreamFeedViewer.app */,
			);
			name = Products;
			sourceTree = "<group>";
		};
		1C599D04205082A40042DBAD /* LivestreamFeedViewer */ = {
			isa = PBXGroup;
			children = (
				1C599D22205088B70042DBAD /* Classes */,
				1C599D1B205088B70042DBAD /* Resources */,
			);
			path = LivestreamFeedViewer;
			sourceTree = "<group>";
		};
		1C599D1B205088B70042DBAD /* Resources */ = {
			isa = PBXGroup;
			children = (
				1C599D1C205088B70042DBAD /* Assets.xcassets */,
				1C599D1D205088B70042DBAD /* LaunchScreen.storyboard */,
				1C599D1F205088B70042DBAD /* Main.storyboard */,
				1C599D21205088B70042DBAD /* Info.plist */,
			);
			path = Resources;
			sourceTree = "<group>";
		};
		1C599D22205088B70042DBAD /* Classes */ = {
			isa = PBXGroup;
			children = (
				1C599D27205088B70042DBAD /* Business */,
				1C599D2B205088B70042DBAD /* Model */,
				1C599D23205088B70042DBAD /* UI */,
				1C599D26205088B70042DBAD /* Additions */,
				1C599D2A205088B70042DBAD /* main.m */,
			);
			path = Classes;
			sourceTree = "<group>";
		};
		1C599D23205088B70042DBAD /* UI */ = {
			isa = PBXGroup;
			children = (
				1C599D25205088B70042DBAD /* ViewController.h */,
				1C599D24205088B70042DBAD /* ViewController.m */,
			);
			path = UI;
			sourceTree = "<group>";
		};
		1C599D26205088B70042DBAD /* Additions */ = {
			isa = PBXGroup;
			children = (
				1C599D3920573D270042DBAD /* NSDate+Additions.h */,
				1C599D3A20573D270042DBAD /* NSDate+Additions.m */,
			);
			path = Additions;
			sourceTree = "<group>";
		};
		1C599D27205088B70042DBAD /* Business */ = {
			isa = PBXGroup;
			children = (
				1C599D28205088B70042DBAD /* AppDelegate.h */,
				1C599D29205088B70042DBAD /* AppDelegate.m */,
				1C599D48205767C20042DBAD /* LSFeedViewModelBuilder.h */,
				1C599D49205767C20042DBAD /* LSFeedViewModelBuilder.m */,
				1C599D45205767AD0042DBAD /* LSFeedItemsViewModel.h */,
				1C599D46205767AD0042DBAD /* LSFeedItemsViewModel.m */,
				1C599D42205766C10042DBAD /* LSFeedFetcher.h */,
				1C599D43205766C10042DBAD /* LSFeedFetcher.m */,
				1C599D3F20575FF80042DBAD /* LSNetworkManager.h */,
				1C599D4020575FF80042DBAD /* LSNetworkManager.m */,
			);
			path = Business;
			sourceTree = "<group>";
		};
		1C599D2B205088B70042DBAD /* Model */ = {
			isa = PBXGroup;
			children = (
				1C599D34205733CE0042DBAD /* LSDefinitions.h */,
				1C599D38205739470042DBAD /* LSFeedKeys.h */,
				1C599D3320508ACD0042DBAD /* LSFeedProtocols.h */,
				1C599D352057379C0042DBAD /* LSFeedItem.h */,
				1C599D362057379C0042DBAD /* LSFeedItem.m */,
				1C599D4C205779270042DBAD /* LSFeedCellViewModel.h */,
				1C599D4D205779270042DBAD /* LSFeedCellViewModel.m */,
				1C599D3C205741740042DBAD /* LSCountableItems.h */,
				1C599D3D205741870042DBAD /* LSCountableItems.m */,
			);
			path = Model;
			sourceTree = "<group>";
		};
		1FF256D44FB148CBBFAE163D /* Frameworks */ = {
			isa = PBXGroup;
			children = (
				EF9D87C01F1F82AD3C17F184 /* libPods-LivestreamFeedViewer.a */,
			);
			name = Frameworks;
			sourceTree = "<group>";
		};
		4CCC0EE205E51D901D631950 /* Pods */ = {
			isa = PBXGroup;
			children = (
				2A8D9C98780A0EB78CFDBC6E /* Pods-LivestreamFeedViewer.debug.xcconfig */,
				A5B75B355F2C0211FAAE4EA4 /* Pods-LivestreamFeedViewer.release.xcconfig */,
			);
			name = Pods;
			sourceTree = "<group>";
		};
/* End PBXGroup section */

/* Begin PBXNativeTarget section */
		1C599D01205082A40042DBAD /* LivestreamFeedViewer */ = {
			isa = PBXNativeTarget;
			buildConfigurationList = 1C599D18205082A40042DBAD /* Build configuration list for PBXNativeTarget "LivestreamFeedViewer" */;
			buildPhases = (
				2DD64EC5C9F8137621F3F897 /* [CP] Check Pods Manifest.lock */,
				1C599CFE205082A40042DBAD /* Sources */,
				1C599CFF205082A40042DBAD /* Frameworks */,
				1C599D00205082A40042DBAD /* Resources */,
				4510ED05FDA6F50324BB4FF7 /* [CP] Embed Pods Frameworks */,
				640624826B6BD08E93BE7BC5 /* [CP] Copy Pods Resources */,
			);
			buildRules = (
			);
			dependencies = (
			);
			name = LivestreamFeedViewer;
			productName = LivestreamFeedViewer;
			productReference = 1C599D02205082A40042DBAD /* LivestreamFeedViewer.app */;
			productType = "com.apple.product-type.application";
		};
/* End PBXNativeTarget section */

/* Begin PBXProject section */
		1C599CFA205082A40042DBAD /* Project object */ = {
			isa = PBXProject;
			attributes = {
				LastUpgradeCheck = 0920;
				ORGANIZATIONNAME = "Vladislav Senyukov";
				TargetAttributes = {
					1C599D01205082A40042DBAD = {
						CreatedOnToolsVersion = 9.2;
						ProvisioningStyle = Automatic;
					};
				};
			};
			buildConfigurationList = 1C599CFD205082A40042DBAD /* Build configuration list for PBXProject "LivestreamFeedViewer" */;
			compatibilityVersion = "Xcode 8.0";
			developmentRegion = en;
			hasScannedForEncodings = 0;
			knownRegions = (
				en,
				Base,
			);
			mainGroup = 1C599CF9205082A40042DBAD;
			productRefGroup = 1C599D03205082A40042DBAD /* Products */;
			projectDirPath = "";
			projectRoot = "";
			targets = (
				1C599D01205082A40042DBAD /* LivestreamFeedViewer */,
			);
		};
/* End PBXProject section */

/* Begin PBXResourcesBuildPhase section */
		1C599D00205082A40042DBAD /* Resources */ = {
			isa = PBXResourcesBuildPhase;
			buildActionMask = 2147483647;
			files = (
				1C599D2E205088B70042DBAD /* Main.storyboard in Resources */,
				1C599D2C205088B70042DBAD /* Assets.xcassets in Resources */,
				1C599D2D205088B70042DBAD /* LaunchScreen.storyboard in Resources */,
			);
			runOnlyForDeploymentPostprocessing = 0;
		};
/* End PBXResourcesBuildPhase section */

/* Begin PBXShellScriptBuildPhase section */
		2DD64EC5C9F8137621F3F897 /* [CP] Check Pods Manifest.lock */ = {
			isa = PBXShellScriptBuildPhase;
			buildActionMask = 2147483647;
			files = (
			);
			inputPaths = (
				"${PODS_PODFILE_DIR_PATH}/Podfile.lock",
				"${PODS_ROOT}/Manifest.lock",
			);
			name = "[CP] Check Pods Manifest.lock";
			outputPaths = (
				"$(DERIVED_FILE_DIR)/Pods-LivestreamFeedViewer-checkManifestLockResult.txt",
			);
			runOnlyForDeploymentPostprocessing = 0;
			shellPath = /bin/sh;
			shellScript = "diff \"${PODS_PODFILE_DIR_PATH}/Podfile.lock\" \"${PODS_ROOT}/Manifest.lock\" > /dev/null\nif [ $? != 0 ] ; then\n    # print error to STDERR\n    echo \"error: The sandbox is not in sync with the Podfile.lock. Run 'pod install' or update your CocoaPods installation.\" >&2\n    exit 1\nfi\n# This output is used by Xcode 'outputs' to avoid re-running this script phase.\necho \"SUCCESS\" > \"${SCRIPT_OUTPUT_FILE_0}\"\n";
			showEnvVarsInLog = 0;
		};
		4510ED05FDA6F50324BB4FF7 /* [CP] Embed Pods Frameworks */ = {
			isa = PBXShellScriptBuildPhase;
			buildActionMask = 2147483647;
			files = (
			);
			inputPaths = (
			);
			name = "[CP] Embed Pods Frameworks";
			outputPaths = (
			);
			runOnlyForDeploymentPostprocessing = 0;
			shellPath = /bin/sh;
			shellScript = "\"${SRCROOT}/Pods/Target Support Files/Pods-LivestreamFeedViewer/Pods-LivestreamFeedViewer-frameworks.sh\"\n";
			showEnvVarsInLog = 0;
		};
		640624826B6BD08E93BE7BC5 /* [CP] Copy Pods Resources */ = {
			isa = PBXShellScriptBuildPhase;
			buildActionMask = 2147483647;
			files = (
			);
			inputPaths = (
			);
			name = "[CP] Copy Pods Resources";
			outputPaths = (
			);
			runOnlyForDeploymentPostprocessing = 0;
			shellPath = /bin/sh;
			shellScript = "\"${SRCROOT}/Pods/Target Support Files/Pods-LivestreamFeedViewer/Pods-LivestreamFeedViewer-resources.sh\"\n";
			showEnvVarsInLog = 0;
		};
/* End PBXShellScriptBuildPhase section */

/* Begin PBXSourcesBuildPhase section */
		1C599CFE205082A40042DBAD /* Sources */ = {
			isa = PBXSourcesBuildPhase;
			buildActionMask = 2147483647;
			files = (
				1C599D3B20573D270042DBAD /* NSDate+Additions.m in Sources */,
				1C599D31205088B70042DBAD /* AppDelegate.m in Sources */,
				1C599D372057379C0042DBAD /* LSFeedItem.m in Sources */,
				1C599D4A205767C20042DBAD /* LSFeedViewModelBuilder.m in Sources */,
				1C599D32205088B70042DBAD /* main.m in Sources */,
				1C599D47205767AD0042DBAD /* LSFeedItemsViewModel.m in Sources */,
				1C599D30205088B70042DBAD /* ViewController.m in Sources */,
				1C599D4120575FF80042DBAD /* LSNetworkManager.m in Sources */,
				1C599D44205766C10042DBAD /* LSFeedFetcher.m in Sources */,
				1C599D4E205779270042DBAD /* LSFeedCellViewModel.m in Sources */,
				1C599D3E205741870042DBAD /* LSCountableItems.m in Sources */,
			);
			runOnlyForDeploymentPostprocessing = 0;
		};
/* End PBXSourcesBuildPhase section */

/* Begin PBXVariantGroup section */
		1C599D1D205088B70042DBAD /* LaunchScreen.storyboard */ = {
			isa = PBXVariantGroup;
			children = (
				1C599D1E205088B70042DBAD /* Base */,
			);
			name = LaunchScreen.storyboard;
			sourceTree = "<group>";
		};
		1C599D1F205088B70042DBAD /* Main.storyboard */ = {
			isa = PBXVariantGroup;
			children = (
				1C599D20205088B70042DBAD /* Base */,
			);
			name = Main.storyboard;
			sourceTree = "<group>";
		};
/* End PBXVariantGroup section */

/* Begin XCBuildConfiguration section */
		1C599D16205082A40042DBAD /* Debug */ = {
			isa = XCBuildConfiguration;
			buildSettings = {
				ALWAYS_SEARCH_USER_PATHS = NO;
				CLANG_ANALYZER_NONNULL = YES;
				CLANG_ANALYZER_NUMBER_OBJECT_CONVERSION = YES_AGGRESSIVE;
				CLANG_CXX_LANGUAGE_STANDARD = "gnu++14";
				CLANG_CXX_LIBRARY = "libc++";
				CLANG_ENABLE_MODULES = YES;
				CLANG_ENABLE_OBJC_ARC = YES;
				CLANG_WARN_BLOCK_CAPTURE_AUTORELEASING = YES;
				CLANG_WARN_BOOL_CONVERSION = YES;
				CLANG_WARN_COMMA = YES;
				CLANG_WARN_CONSTANT_CONVERSION = YES;
				CLANG_WARN_DIRECT_OBJC_ISA_USAGE = YES_ERROR;
				CLANG_WARN_DOCUMENTATION_COMMENTS = YES;
				CLANG_WARN_EMPTY_BODY = YES;
				CLANG_WARN_ENUM_CONVERSION = YES;
				CLANG_WARN_INFINITE_RECURSION = YES;
				CLANG_WARN_INT_CONVERSION = YES;
				CLANG_WARN_NON_LITERAL_NULL_CONVERSION = YES;
				CLANG_WARN_OBJC_LITERAL_CONVERSION = YES;
				CLANG_WARN_OBJC_ROOT_CLASS = YES_ERROR;
				CLANG_WARN_RANGE_LOOP_ANALYSIS = YES;
				CLANG_WARN_STRICT_PROTOTYPES = YES;
				CLANG_WARN_SUSPICIOUS_MOVE = YES;
				CLANG_WARN_UNGUARDED_AVAILABILITY = YES_AGGRESSIVE;
				CLANG_WARN_UNREACHABLE_CODE = YES;
				CLANG_WARN__DUPLICATE_METHOD_MATCH = YES;
				CODE_SIGN_IDENTITY = "iPhone Developer";
				COPY_PHASE_STRIP = NO;
				DEBUG_INFORMATION_FORMAT = dwarf;
				ENABLE_STRICT_OBJC_MSGSEND = YES;
				ENABLE_TESTABILITY = YES;
				GCC_C_LANGUAGE_STANDARD = gnu11;
				GCC_DYNAMIC_NO_PIC = NO;
				GCC_NO_COMMON_BLOCKS = YES;
				GCC_OPTIMIZATION_LEVEL = 0;
				GCC_PREPROCESSOR_DEFINITIONS = (
					"DEBUG=1",
					"$(inherited)",
				);
				GCC_WARN_64_TO_32_BIT_CONVERSION = YES;
				GCC_WARN_ABOUT_RETURN_TYPE = YES_ERROR;
				GCC_WARN_UNDECLARED_SELECTOR = YES;
				GCC_WARN_UNINITIALIZED_AUTOS = YES_AGGRESSIVE;
				GCC_WARN_UNUSED_FUNCTION = YES;
				GCC_WARN_UNUSED_VARIABLE = YES;
				IPHONEOS_DEPLOYMENT_TARGET = 11.2;
				MTL_ENABLE_DEBUG_INFO = YES;
				ONLY_ACTIVE_ARCH = YES;
				SDKROOT = iphoneos;
			};
			name = Debug;
		};
		1C599D17205082A40042DBAD /* Release */ = {
			isa = XCBuildConfiguration;
			buildSettings = {
				ALWAYS_SEARCH_USER_PATHS = NO;
				CLANG_ANALYZER_NONNULL = YES;
				CLANG_ANALYZER_NUMBER_OBJECT_CONVERSION = YES_AGGRESSIVE;
				CLANG_CXX_LANGUAGE_STANDARD = "gnu++14";
				CLANG_CXX_LIBRARY = "libc++";
				CLANG_ENABLE_MODULES = YES;
				CLANG_ENABLE_OBJC_ARC = YES;
				CLANG_WARN_BLOCK_CAPTURE_AUTORELEASING = YES;
				CLANG_WARN_BOOL_CONVERSION = YES;
				CLANG_WARN_COMMA = YES;
				CLANG_WARN_CONSTANT_CONVERSION = YES;
				CLANG_WARN_DIRECT_OBJC_ISA_USAGE = YES_ERROR;
				CLANG_WARN_DOCUMENTATION_COMMENTS = YES;
				CLANG_WARN_EMPTY_BODY = YES;
				CLANG_WARN_ENUM_CONVERSION = YES;
				CLANG_WARN_INFINITE_RECURSION = YES;
				CLANG_WARN_INT_CONVERSION = YES;
				CLANG_WARN_NON_LITERAL_NULL_CONVERSION = YES;
				CLANG_WARN_OBJC_LITERAL_CONVERSION = YES;
				CLANG_WARN_OBJC_ROOT_CLASS = YES_ERROR;
				CLANG_WARN_RANGE_LOOP_ANALYSIS = YES;
				CLANG_WARN_STRICT_PROTOTYPES = YES;
				CLANG_WARN_SUSPICIOUS_MOVE = YES;
				CLANG_WARN_UNGUARDED_AVAILABILITY = YES_AGGRESSIVE;
				CLANG_WARN_UNREACHABLE_CODE = YES;
				CLANG_WARN__DUPLICATE_METHOD_MATCH = YES;
				CODE_SIGN_IDENTITY = "iPhone Developer";
				COPY_PHASE_STRIP = NO;
				DEBUG_INFORMATION_FORMAT = "dwarf-with-dsym";
				ENABLE_NS_ASSERTIONS = NO;
				ENABLE_STRICT_OBJC_MSGSEND = YES;
				GCC_C_LANGUAGE_STANDARD = gnu11;
				GCC_NO_COMMON_BLOCKS = YES;
				GCC_WARN_64_TO_32_BIT_CONVERSION = YES;
				GCC_WARN_ABOUT_RETURN_TYPE = YES_ERROR;
				GCC_WARN_UNDECLARED_SELECTOR = YES;
				GCC_WARN_UNINITIALIZED_AUTOS = YES_AGGRESSIVE;
				GCC_WARN_UNUSED_FUNCTION = YES;
				GCC_WARN_UNUSED_VARIABLE = YES;
				IPHONEOS_DEPLOYMENT_TARGET = 11.2;
				MTL_ENABLE_DEBUG_INFO = NO;
				SDKROOT = iphoneos;
				VALIDATE_PRODUCT = YES;
			};
			name = Release;
		};
		1C599D19205082A40042DBAD /* Debug */ = {
			isa = XCBuildConfiguration;
			baseConfigurationReference = 2A8D9C98780A0EB78CFDBC6E /* Pods-LivestreamFeedViewer.debug.xcconfig */;
			buildSettings = {
				ASSETCATALOG_COMPILER_APPICON_NAME = AppIcon;
				CODE_SIGN_STYLE = Automatic;
				DEVELOPMENT_TEAM = ZVHW8QUG2S;
				INFOPLIST_FILE = "$(SRCROOT)/LivestreamFeedViewer/Resources/Info.plist";
				LD_RUNPATH_SEARCH_PATHS = "$(inherited) @executable_path/Frameworks";
				PRODUCT_BUNDLE_IDENTIFIER = com.ruckef.LivestreamFeedViewer;
				PRODUCT_NAME = "$(TARGET_NAME)";
				TARGETED_DEVICE_FAMILY = "1,2";
			};
			name = Debug;
		};
		1C599D1A205082A40042DBAD /* Release */ = {
			isa = XCBuildConfiguration;
			baseConfigurationReference = A5B75B355F2C0211FAAE4EA4 /* Pods-LivestreamFeedViewer.release.xcconfig */;
			buildSettings = {
				ASSETCATALOG_COMPILER_APPICON_NAME = AppIcon;
				CODE_SIGN_STYLE = Automatic;
				DEVELOPMENT_TEAM = ZVHW8QUG2S;
				INFOPLIST_FILE = "$(SRCROOT)/LivestreamFeedViewer/Resources/Info.plist";
				LD_RUNPATH_SEARCH_PATHS = "$(inherited) @executable_path/Frameworks";
				PRODUCT_BUNDLE_IDENTIFIER = com.ruckef.LivestreamFeedViewer;
				PRODUCT_NAME = "$(TARGET_NAME)";
				TARGETED_DEVICE_FAMILY = "1,2";
			};
			name = Release;
		};
/* End XCBuildConfiguration section */

/* Begin XCConfigurationList section */
		1C599CFD205082A40042DBAD /* Build configuration list for PBXProject "LivestreamFeedViewer" */ = {
			isa = XCConfigurationList;
			buildConfigurations = (
				1C599D16205082A40042DBAD /* Debug */,
				1C599D17205082A40042DBAD /* Release */,
			);
			defaultConfigurationIsVisible = 0;
			defaultConfigurationName = Release;
		};
		1C599D18205082A40042DBAD /* Build configuration list for PBXNativeTarget "LivestreamFeedViewer" */ = {
			isa = XCConfigurationList;
			buildConfigurations = (
				1C599D19205082A40042DBAD /* Debug */,
				1C599D1A205082A40042DBAD /* Release */,
			);
			defaultConfigurationIsVisible = 0;
			defaultConfigurationName = Release;
		};
/* End XCConfigurationList section */
	};
	rootObject = 1C599CFA205082A40042DBAD /* Project object */;
}
